name: Sync lockfiles
on:
  pull_request_target:
    paths: 
    - "package.json"
    - "*/package.json"
permissions:
  contents: read
jobs:
  prevent-recursive-run:
    runs-on: ubuntu-latest
    outputs:
      recursive: ${{ steps.check.outputs.recursive }}
    steps:
    - uses: actions/checkout@v4
      with:
        repository: ${{ github.event.pull_request.head.repo.full_name }}
        ref: ${{ github.head_ref }}
    - name: check previous author
      id: check
      run: "if git log -1 | grep 41898282+github-actions; then echo recursive=true >> $GITHUB_OUTPUT; fi"
  sync-lockfile:
    runs-on: ubuntu-latest
    needs: [prevent-recursive-run]
    if: needs.prevent-recursive-run.outputs.recursive != 'true'
    steps:
    - uses: actions/checkout@v4
      with:
        token: ${{ secrets.PAT }}
        # Checkout the fork/head-repository and push changes to the fork.
        # If you skip this, the base repository will be checked out and changes
        # will be committed to the base repository!
        repository: ${{ github.event.pull_request.head.repo.full_name }}
        # Checkout the branch made in the fork. Will automatically push changes
        # back to this branch.
        ref: ${{ github.head_ref }}
    - uses: oven-sh/setup-bun@v2
      with:
        bun-version: "1.3"
    - uses: actions/setup-node@v4
      with:
        node-version: 20.x
    - run: bun i --ignore-scripts --lockfile-only
    - run: npm i --ignore-scripts --package-lock-only
    - uses: stefanzweifel/git-auto-commit-action@v5
      with:
        commit_message: Sync lockfiles
        commit_user_name: github-actions[bot]
        commit_user_email: 41898282+github-actions[bot]@users.noreply.github.com
        commit_author: "github-actions[bot] <41898282+github-actions[bot]@users.noreply.github.com>"
